// !$*UTF8*$!
{
	archiveVersion = 1;
	classes = {
	};
	objectVersion = 55;
	objects = {

/* Begin PBXBuildFile section */
		AC5332EA2849FA0C000EAF88 /* main.swift in Sources */ = {isa = PBXBuildFile; fileRef = AC5332E92849FA0C000EAF88 /* main.swift */; };
		ACB935E52872020300F6EA13 /* truck.swift in Sources */ = {isa = PBXBuildFile; fileRef = ACB935E42872020300F6EA13 /* truck.swift */; };
		ACB935E7287236A400F6EA13 /* palindrome.swift in Sources */ = {isa = PBXBuildFile; fileRef = ACB935E6287236A400F6EA13 /* palindrome.swift */; };
		ACB935E92872537B00F6EA13 /* security.swift in Sources */ = {isa = PBXBuildFile; fileRef = ACB935E82872537B00F6EA13 /* security.swift */; };
		ACB935EB2873027A00F6EA13 /* overtaking.swift in Sources */ = {isa = PBXBuildFile; fileRef = ACB935EA2873027A00F6EA13 /* overtaking.swift */; };
		ACB935F12873841A00F6EA13 /* newCrew.swift in Sources */ = {isa = PBXBuildFile; fileRef = ACB935F02873841A00F6EA13 /* newCrew.swift */; };
		ACB935F32873844C00F6EA13 /* tetris.swift in Sources */ = {isa = PBXBuildFile; fileRef = ACB935F22873844C00F6EA13 /* tetris.swift */; };
		ACB935F528741D6600F6EA13 /* hideAndSeek.swift in Sources */ = {isa = PBXBuildFile; fileRef = ACB935F428741D6600F6EA13 /* hideAndSeek.swift */; };
		ACDCF094286A0E430014B67E /* laboratory.swift in Sources */ = {isa = PBXBuildFile; fileRef = ACDCF093286A0E430014B67E /* laboratory.swift */; };
		ACDCF097286A0F190014B67E /* naver.swift in Sources */ = {isa = PBXBuildFile; fileRef = ACDCF096286A0F190014B67E /* naver.swift */; };
		ACDCF0B5286B40F50014B67E /* roomNumber.swift in Sources */ = {isa = PBXBuildFile; fileRef = ACDCF0B4286B40F50014B67E /* roomNumber.swift */; };
		ACDCF0B7286D7FE20014B67E /* valueInParentheses.swift in Sources */ = {isa = PBXBuildFile; fileRef = ACDCF0B6286D7FE20014B67E /* valueInParentheses.swift */; };
		ACDCF0BA286DE0300014B67E /* NumberVillage.swift in Sources */ = {isa = PBXBuildFile; fileRef = ACDCF0B9286DE0300014B67E /* NumberVillage.swift */; };
		ACF39E56284C35430055B345 /* HighestLowestLotto.swift in Sources */ = {isa = PBXBuildFile; fileRef = ACF39E55284C35430055B345 /* HighestLowestLotto.swift */; };
		ACF39E58284D4A970055B345 /* ClawCrain.swift in Sources */ = {isa = PBXBuildFile; fileRef = ACF39E57284D4A970055B345 /* ClawCrain.swift */; };
		ACF39E61284E57180055B345 /* NumberKth.swift in Sources */ = {isa = PBXBuildFile; fileRef = ACF39E60284E57180055B345 /* NumberKth.swift */; };
		ACF39E63285039460055B345 /* SumBetweenTwoIntegers.swift in Sources */ = {isa = PBXBuildFile; fileRef = ACF39E62285039460055B345 /* SumBetweenTwoIntegers.swift */; };
		ACF39E6528504C230055B345 /* GetCenterText.swift in Sources */ = {isa = PBXBuildFile; fileRef = ACF39E6428504C230055B345 /* GetCenterText.swift */; };
		ACF39E6928522A920055B345 /* InnerProduct.swift in Sources */ = {isa = PBXBuildFile; fileRef = ACF39E6828522A920055B345 /* InnerProduct.swift */; };
		ACF39E842854167E0055B345 /* treasure.swift in Sources */ = {isa = PBXBuildFile; fileRef = ACF39E822854167E0055B345 /* treasure.swift */; };
		ACF39E852854167E0055B345 /* sugarDeliver.swift in Sources */ = {isa = PBXBuildFile; fileRef = ACF39E832854167E0055B345 /* sugarDeliver.swift */; };
		ACF39E882854586D0055B345 /* AtoB.swift in Sources */ = {isa = PBXBuildFile; fileRef = ACF39E872854586D0055B345 /* AtoB.swift */; };
		ACF39E8A28546A8A0055B345 /* numericStringToWord.swift in Sources */ = {isa = PBXBuildFile; fileRef = ACF39E8928546A8A0055B345 /* numericStringToWord.swift */; };
		ACF39E8E285568020055B345 /* mockExam.swift in Sources */ = {isa = PBXBuildFile; fileRef = ACF39E8D285568020055B345 /* mockExam.swift */; };
		ACF39E902856D3670055B345 /* primeMaking.swift in Sources */ = {isa = PBXBuildFile; fileRef = ACF39E8F2856D3670055B345 /* primeMaking.swift */; };
		ACF39E92285722580055B345 /* wordMath.swift in Sources */ = {isa = PBXBuildFile; fileRef = ACF39E91285722580055B345 /* wordMath.swift */; };
		ACF39E9428576A0C0055B345 /* weirdString.swift in Sources */ = {isa = PBXBuildFile; fileRef = ACF39E9328576A0C0055B345 /* weirdString.swift */; };
		ACF39E9628598B740055B345 /* hitKeypad.swift in Sources */ = {isa = PBXBuildFile; fileRef = ACF39E9528598B740055B345 /* hitKeypad.swift */; };
		ACF39E992859F2A10055B345 /* DFS와 BFS.swift in Sources */ = {isa = PBXBuildFile; fileRef = ACF39E982859F2A10055B345 /* DFS와 BFS.swift */; };
		ACF39E9C285B7B410055B345 /* vowelDictionary.swift in Sources */ = {isa = PBXBuildFile; fileRef = ACF39E9B285B7B410055B345 /* vowelDictionary.swift */; };
		ACF39E9E285CF49C0055B345 /* parkingFee.swift in Sources */ = {isa = PBXBuildFile; fileRef = ACF39E9D285CF49C0055B345 /* parkingFee.swift */; };
		ACF39EA0285F38F30055B345 /* socialDistance.swift in Sources */ = {isa = PBXBuildFile; fileRef = ACF39E9F285F38F30055B345 /* socialDistance.swift */; };
		ACF39EA22861B4DC0055B345 /* openChat.swift in Sources */ = {isa = PBXBuildFile; fileRef = ACF39EA12861B4DC0055B345 /* openChat.swift */; };
		ACF39EA42861EBFB0055B345 /* network.swift in Sources */ = {isa = PBXBuildFile; fileRef = ACF39EA32861EBFB0055B345 /* network.swift */; };
		ACF39EA62862F6820055B345 /* featureDevelop.swift in Sources */ = {isa = PBXBuildFile; fileRef = ACF39EA52862F6820055B345 /* featureDevelop.swift */; };
		ACF39EA82864C5820055B345 /* findPrime.swift in Sources */ = {isa = PBXBuildFile; fileRef = ACF39EA72864C5820055B345 /* findPrime.swift */; };
		ACF39EAA2865C6D30055B345 /* carpet.swift in Sources */ = {isa = PBXBuildFile; fileRef = ACF39EA92865C6D30055B345 /* carpet.swift */; };
		ACF39EAC2866AC5D0055B345 /* network_2.swift in Sources */ = {isa = PBXBuildFile; fileRef = ACF39EAB2866AC5D0055B345 /* network_2.swift */; };
		ACF39EAE2866AC6C0055B345 /* targetNum.swift in Sources */ = {isa = PBXBuildFile; fileRef = ACF39EAD2866AC6C0055B345 /* targetNum.swift */; };
		ACF39EB02869A9EC0055B345 /* wordConversion.swift in Sources */ = {isa = PBXBuildFile; fileRef = ACF39EAF2869A9EC0055B345 /* wordConversion.swift */; };
		ACF39EB22869A9F90055B345 /* travelRoute.swift in Sources */ = {isa = PBXBuildFile; fileRef = ACF39EB12869A9F90055B345 /* travelRoute.swift */; };
/* End PBXBuildFile section */

/* Begin PBXCopyFilesBuildPhase section */
		AC5332E42849FA0C000EAF88 /* CopyFiles */ = {
			isa = PBXCopyFilesBuildPhase;
			buildActionMask = 2147483647;
			dstPath = /usr/share/man/man1/;
			dstSubfolderSpec = 0;
			files = (
			);
			runOnlyForDeploymentPostprocessing = 1;
		};
/* End PBXCopyFilesBuildPhase section */

/* Begin PBXFileReference section */
		AC5332E62849FA0C000EAF88 /* Algorithm */ = {isa = PBXFileReference; explicitFileType = "compiled.mach-o.executable"; includeInIndex = 0; path = Algorithm; sourceTree = BUILT_PRODUCTS_DIR; };
		AC5332E92849FA0C000EAF88 /* main.swift */ = {isa = PBXFileReference; lastKnownFileType = sourcecode.swift; path = main.swift; sourceTree = "<group>"; };
		ACB935E42872020300F6EA13 /* truck.swift */ = {isa = PBXFileReference; lastKnownFileType = sourcecode.swift; path = truck.swift; sourceTree = "<group>"; };
		ACB935E6287236A400F6EA13 /* palindrome.swift */ = {isa = PBXFileReference; lastKnownFileType = sourcecode.swift; path = palindrome.swift; sourceTree = "<group>"; };
		ACB935E82872537B00F6EA13 /* security.swift */ = {isa = PBXFileReference; lastKnownFileType = sourcecode.swift; path = security.swift; sourceTree = "<group>"; };
		ACB935EA2873027A00F6EA13 /* overtaking.swift */ = {isa = PBXFileReference; lastKnownFileType = sourcecode.swift; path = overtaking.swift; sourceTree = "<group>"; };
		ACB935F02873841A00F6EA13 /* newCrew.swift */ = {isa = PBXFileReference; lastKnownFileType = sourcecode.swift; path = newCrew.swift; sourceTree = "<group>"; };
		ACB935F22873844C00F6EA13 /* tetris.swift */ = {isa = PBXFileReference; lastKnownFileType = sourcecode.swift; path = tetris.swift; sourceTree = "<group>"; };
		ACB935F428741D6600F6EA13 /* hideAndSeek.swift */ = {isa = PBXFileReference; lastKnownFileType = sourcecode.swift; path = hideAndSeek.swift; sourceTree = "<group>"; };
		ACDCF093286A0E430014B67E /* laboratory.swift */ = {isa = PBXFileReference; lastKnownFileType = sourcecode.swift; path = laboratory.swift; sourceTree = "<group>"; };
		ACDCF096286A0F190014B67E /* naver.swift */ = {isa = PBXFileReference; lastKnownFileType = sourcecode.swift; path = naver.swift; sourceTree = "<group>"; };
		ACDCF0B4286B40F50014B67E /* roomNumber.swift */ = {isa = PBXFileReference; lastKnownFileType = sourcecode.swift; path = roomNumber.swift; sourceTree = "<group>"; };
		ACDCF0B6286D7FE20014B67E /* valueInParentheses.swift */ = {isa = PBXFileReference; lastKnownFileType = sourcecode.swift; path = valueInParentheses.swift; sourceTree = "<group>"; };
		ACDCF0B9286DE0300014B67E /* NumberVillage.swift */ = {isa = PBXFileReference; lastKnownFileType = sourcecode.swift; path = NumberVillage.swift; sourceTree = "<group>"; };
		ACF39E55284C35430055B345 /* HighestLowestLotto.swift */ = {isa = PBXFileReference; lastKnownFileType = sourcecode.swift; path = HighestLowestLotto.swift; sourceTree = "<group>"; };
		ACF39E57284D4A970055B345 /* ClawCrain.swift */ = {isa = PBXFileReference; lastKnownFileType = sourcecode.swift; path = ClawCrain.swift; sourceTree = "<group>"; };
		ACF39E60284E57180055B345 /* NumberKth.swift */ = {isa = PBXFileReference; lastKnownFileType = sourcecode.swift; path = NumberKth.swift; sourceTree = "<group>"; };
		ACF39E62285039460055B345 /* SumBetweenTwoIntegers.swift */ = {isa = PBXFileReference; lastKnownFileType = sourcecode.swift; path = SumBetweenTwoIntegers.swift; sourceTree = "<group>"; };
		ACF39E6428504C230055B345 /* GetCenterText.swift */ = {isa = PBXFileReference; lastKnownFileType = sourcecode.swift; path = GetCenterText.swift; sourceTree = "<group>"; };
		ACF39E6828522A920055B345 /* InnerProduct.swift */ = {isa = PBXFileReference; lastKnownFileType = sourcecode.swift; path = InnerProduct.swift; sourceTree = "<group>"; };
		ACF39E822854167E0055B345 /* treasure.swift */ = {isa = PBXFileReference; fileEncoding = 4; lastKnownFileType = sourcecode.swift; path = treasure.swift; sourceTree = "<group>"; };
		ACF39E832854167E0055B345 /* sugarDeliver.swift */ = {isa = PBXFileReference; fileEncoding = 4; lastKnownFileType = sourcecode.swift; path = sugarDeliver.swift; sourceTree = "<group>"; };
		ACF39E872854586D0055B345 /* AtoB.swift */ = {isa = PBXFileReference; lastKnownFileType = sourcecode.swift; path = AtoB.swift; sourceTree = "<group>"; };
		ACF39E8928546A8A0055B345 /* numericStringToWord.swift */ = {isa = PBXFileReference; lastKnownFileType = sourcecode.swift; path = numericStringToWord.swift; sourceTree = "<group>"; };
		ACF39E8D285568020055B345 /* mockExam.swift */ = {isa = PBXFileReference; lastKnownFileType = sourcecode.swift; path = mockExam.swift; sourceTree = "<group>"; };
		ACF39E8F2856D3670055B345 /* primeMaking.swift */ = {isa = PBXFileReference; lastKnownFileType = sourcecode.swift; path = primeMaking.swift; sourceTree = "<group>"; };
		ACF39E91285722580055B345 /* wordMath.swift */ = {isa = PBXFileReference; lastKnownFileType = sourcecode.swift; path = wordMath.swift; sourceTree = "<group>"; };
		ACF39E9328576A0C0055B345 /* weirdString.swift */ = {isa = PBXFileReference; lastKnownFileType = sourcecode.swift; path = weirdString.swift; sourceTree = "<group>"; };
		ACF39E9528598B740055B345 /* hitKeypad.swift */ = {isa = PBXFileReference; lastKnownFileType = sourcecode.swift; path = hitKeypad.swift; sourceTree = "<group>"; };
		ACF39E982859F2A10055B345 /* DFS와 BFS.swift */ = {isa = PBXFileReference; lastKnownFileType = sourcecode.swift; path = "DFS와 BFS.swift"; sourceTree = "<group>"; };
		ACF39E9B285B7B410055B345 /* vowelDictionary.swift */ = {isa = PBXFileReference; lastKnownFileType = sourcecode.swift; path = vowelDictionary.swift; sourceTree = "<group>"; };
		ACF39E9D285CF49C0055B345 /* parkingFee.swift */ = {isa = PBXFileReference; lastKnownFileType = sourcecode.swift; path = parkingFee.swift; sourceTree = "<group>"; };
		ACF39E9F285F38F30055B345 /* socialDistance.swift */ = {isa = PBXFileReference; lastKnownFileType = sourcecode.swift; path = socialDistance.swift; sourceTree = "<group>"; };
		ACF39EA12861B4DC0055B345 /* openChat.swift */ = {isa = PBXFileReference; lastKnownFileType = sourcecode.swift; path = openChat.swift; sourceTree = "<group>"; };
		ACF39EA32861EBFB0055B345 /* network.swift */ = {isa = PBXFileReference; lastKnownFileType = sourcecode.swift; path = network.swift; sourceTree = "<group>"; };
		ACF39EA52862F6820055B345 /* featureDevelop.swift */ = {isa = PBXFileReference; lastKnownFileType = sourcecode.swift; path = featureDevelop.swift; sourceTree = "<group>"; };
		ACF39EA72864C5820055B345 /* findPrime.swift */ = {isa = PBXFileReference; lastKnownFileType = sourcecode.swift; path = findPrime.swift; sourceTree = "<group>"; };
		ACF39EA92865C6D30055B345 /* carpet.swift */ = {isa = PBXFileReference; lastKnownFileType = sourcecode.swift; path = carpet.swift; sourceTree = "<group>"; };
		ACF39EAB2866AC5D0055B345 /* network_2.swift */ = {isa = PBXFileReference; lastKnownFileType = sourcecode.swift; path = network_2.swift; sourceTree = "<group>"; };
		ACF39EAD2866AC6C0055B345 /* targetNum.swift */ = {isa = PBXFileReference; lastKnownFileType = sourcecode.swift; path = targetNum.swift; sourceTree = "<group>"; };
		ACF39EAF2869A9EC0055B345 /* wordConversion.swift */ = {isa = PBXFileReference; lastKnownFileType = sourcecode.swift; path = wordConversion.swift; sourceTree = "<group>"; };
		ACF39EB12869A9F90055B345 /* travelRoute.swift */ = {isa = PBXFileReference; lastKnownFileType = sourcecode.swift; path = travelRoute.swift; sourceTree = "<group>"; };
/* End PBXFileReference section */

/* Begin PBXFrameworksBuildPhase section */
		AC5332E32849FA0C000EAF88 /* Frameworks */ = {
			isa = PBXFrameworksBuildPhase;
			buildActionMask = 2147483647;
			files = (
			);
			runOnlyForDeploymentPostprocessing = 0;
		};
/* End PBXFrameworksBuildPhase section */

/* Begin PBXGroup section */
		AC5332DD2849FA0C000EAF88 = {
			isa = PBXGroup;
			children = (
				AC5332E82849FA0C000EAF88 /* Algorithm */,
				ACF39E81285416140055B345 /* 추가로 해본 것 */,
				AC5332E72849FA0C000EAF88 /* Products */,
			);
			sourceTree = "<group>";
		};
		AC5332E72849FA0C000EAF88 /* Products */ = {
			isa = PBXGroup;
			children = (
				AC5332E62849FA0C000EAF88 /* Algorithm */,
			);
			name = Products;
			sourceTree = "<group>";
		};
		AC5332E82849FA0C000EAF88 /* Algorithm */ = {
			isa = PBXGroup;
			children = (
				AC5332E92849FA0C000EAF88 /* main.swift */,
				ACF39E6628522A530055B345 /* 1주차 */,
				ACF39E6728522A600055B345 /* 2주차 */,
				ACF39E9A285B7AFD0055B345 /* 3주차 */,
				ACF39EB32869AA890055B345 /* 4주차 */,
				ACDCF0B8286DE00B0014B67E /* 5주차 */,
			);
			path = Algorithm;
			sourceTree = "<group>";
		};
		ACDCF095286A0F0A0014B67E /* naver */ = {
			isa = PBXGroup;
			children = (
				ACDCF096286A0F190014B67E /* naver.swift */,
			);
			path = naver;
			sourceTree = "<group>";
		};
		ACDCF0B3286B40E70014B67E /* simulator */ = {
			isa = PBXGroup;
			children = (
				ACDCF0B4286B40F50014B67E /* roomNumber.swift */,
				ACDCF0B6286D7FE20014B67E /* valueInParentheses.swift */,
				ACB935E6287236A400F6EA13 /* palindrome.swift */,
				ACB935EA2873027A00F6EA13 /* overtaking.swift */,
				ACB935F22873844C00F6EA13 /* tetris.swift */,
			);
			path = simulator;
			sourceTree = "<group>";
		};
		ACDCF0B8286DE00B0014B67E /* 5주차 */ = {
			isa = PBXGroup;
			children = (
				ACDCF0B9286DE0300014B67E /* NumberVillage.swift */,
				ACB935E42872020300F6EA13 /* truck.swift */,
				ACB935E82872537B00F6EA13 /* security.swift */,
				ACB935F428741D6600F6EA13 /* hideAndSeek.swift */,
			);
			name = "5주차";
			path = "5주차";
			sourceTree = "<group>";
		};
		ACF39E6628522A530055B345 /* 1주차 */ = {
			isa = PBXGroup;
			children = (
				ACF39E55284C35430055B345 /* HighestLowestLotto.swift */,
				ACF39E57284D4A970055B345 /* ClawCrain.swift */,
				ACF39E60284E57180055B345 /* NumberKth.swift */,
				ACF39E62285039460055B345 /* SumBetweenTwoIntegers.swift */,
				ACF39E6428504C230055B345 /* GetCenterText.swift */,
			);
			name = "1주차";
			path = "1주차";
			sourceTree = "<group>";
		};
		ACF39E6728522A600055B345 /* 2주차 */ = {
			isa = PBXGroup;
			children = (
				ACF39E6828522A920055B345 /* InnerProduct.swift */,
				ACF39E8928546A8A0055B345 /* numericStringToWord.swift */,
				ACF39E8D285568020055B345 /* mockExam.swift */,
				ACF39E8F2856D3670055B345 /* primeMaking.swift */,
				ACF39E9328576A0C0055B345 /* weirdString.swift */,
				ACF39E9528598B740055B345 /* hitKeypad.swift */,
			);
			name = "2주차";
			path = "2주차";
			sourceTree = "<group>";
		};
		ACF39E81285416140055B345 /* 추가로 해본 것 */ = {
			isa = PBXGroup;
			children = (
				ACDCF0B3286B40E70014B67E /* simulator */,
				ACDCF095286A0F0A0014B67E /* naver */,
				ACF39E972859F2880055B345 /* 탐색 */,
				ACF39E86285416A00055B345 /* greedy */,
			);
			name = "추가로 해본 것";
			path = "추가로 해본 것";
			sourceTree = "<group>";
		};
		ACF39E86285416A00055B345 /* greedy */ = {
			isa = PBXGroup;
			children = (
				ACF39E832854167E0055B345 /* sugarDeliver.swift */,
				ACF39E822854167E0055B345 /* treasure.swift */,
				ACF39E872854586D0055B345 /* AtoB.swift */,
				ACF39E91285722580055B345 /* wordMath.swift */,
				ACB935F02873841A00F6EA13 /* newCrew.swift */,
			);
			path = greedy;
			sourceTree = "<group>";
		};
		ACF39E972859F2880055B345 /* 탐색 */ = {
			isa = PBXGroup;
			children = (
				ACF39E982859F2A10055B345 /* DFS와 BFS.swift */,
				ACF39EA32861EBFB0055B345 /* network.swift */,
				ACDCF093286A0E430014B67E /* laboratory.swift */,
			);
			name = "탐색";
			path = "탐색";
			sourceTree = "<group>";
		};
		ACF39E9A285B7AFD0055B345 /* 3주차 */ = {
			isa = PBXGroup;
			children = (
				ACF39E9B285B7B410055B345 /* vowelDictionary.swift */,
				ACF39E9D285CF49C0055B345 /* parkingFee.swift */,
				ACF39E9F285F38F30055B345 /* socialDistance.swift */,
				ACF39EA12861B4DC0055B345 /* openChat.swift */,
				ACF39EA52862F6820055B345 /* featureDevelop.swift */,
			);
			name = "3주차";
			path = "3주차";
			sourceTree = "<group>";
		};
		ACF39EB32869AA890055B345 /* 4주차 */ = {
			isa = PBXGroup;
			children = (
				ACF39EA72864C5820055B345 /* findPrime.swift */,
				ACF39EA92865C6D30055B345 /* carpet.swift */,
				ACF39EAD2866AC6C0055B345 /* targetNum.swift */,
				ACF39EAB2866AC5D0055B345 /* network_2.swift */,
				ACF39EAF2869A9EC0055B345 /* wordConversion.swift */,
				ACF39EB12869A9F90055B345 /* travelRoute.swift */,
			);
			name = "4주차";
			path = "4주차";
			sourceTree = "<group>";
		};
/* End PBXGroup section */

/* Begin PBXNativeTarget section */
		AC5332E52849FA0C000EAF88 /* Algorithm */ = {
			isa = PBXNativeTarget;
			buildConfigurationList = AC5332ED2849FA0C000EAF88 /* Build configuration list for PBXNativeTarget "Algorithm" */;
			buildPhases = (
				AC5332E22849FA0C000EAF88 /* Sources */,
				AC5332E32849FA0C000EAF88 /* Frameworks */,
				AC5332E42849FA0C000EAF88 /* CopyFiles */,
			);
			buildRules = (
			);
			dependencies = (
			);
			name = Algorithm;
			productName = Algorithm;
			productReference = AC5332E62849FA0C000EAF88 /* Algorithm */;
			productType = "com.apple.product-type.tool";
		};
/* End PBXNativeTarget section */

/* Begin PBXProject section */
		AC5332DE2849FA0C000EAF88 /* Project object */ = {
			isa = PBXProject;
			attributes = {
				BuildIndependentTargetsInParallel = 1;
				LastSwiftUpdateCheck = 1340;
				LastUpgradeCheck = 1340;
				TargetAttributes = {
					AC5332E52849FA0C000EAF88 = {
						CreatedOnToolsVersion = 13.4;
					};
				};
			};
			buildConfigurationList = AC5332E12849FA0C000EAF88 /* Build configuration list for PBXProject "Algorithm" */;
			compatibilityVersion = "Xcode 13.0";
			developmentRegion = en;
			hasScannedForEncodings = 0;
			knownRegions = (
				en,
				Base,
			);
			mainGroup = AC5332DD2849FA0C000EAF88;
			productRefGroup = AC5332E72849FA0C000EAF88 /* Products */;
			projectDirPath = "";
			projectRoot = "";
			targets = (
				AC5332E52849FA0C000EAF88 /* Algorithm */,
			);
		};
/* End PBXProject section */

/* Begin PBXSourcesBuildPhase section */
		AC5332E22849FA0C000EAF88 /* Sources */ = {
			isa = PBXSourcesBuildPhase;
			buildActionMask = 2147483647;
			files = (
				ACF39E902856D3670055B345 /* primeMaking.swift in Sources */,
				ACF39E6528504C230055B345 /* GetCenterText.swift in Sources */,
				ACF39E6928522A920055B345 /* InnerProduct.swift in Sources */,
				ACF39EAC2866AC5D0055B345 /* network_2.swift in Sources */,
				ACF39EAA2865C6D30055B345 /* carpet.swift in Sources */,
				ACF39EB22869A9F90055B345 /* travelRoute.swift in Sources */,
				ACB935F528741D6600F6EA13 /* hideAndSeek.swift in Sources */,
				ACF39EB02869A9EC0055B345 /* wordConversion.swift in Sources */,
				ACF39E58284D4A970055B345 /* ClawCrain.swift in Sources */,
				ACF39E8A28546A8A0055B345 /* numericStringToWord.swift in Sources */,
				ACB935EB2873027A00F6EA13 /* overtaking.swift in Sources */,
				ACF39E9428576A0C0055B345 /* weirdString.swift in Sources */,
				ACF39E63285039460055B345 /* SumBetweenTwoIntegers.swift in Sources */,
				ACF39EA22861B4DC0055B345 /* openChat.swift in Sources */,
				ACF39EA82864C5820055B345 /* findPrime.swift in Sources */,
				ACF39EA62862F6820055B345 /* featureDevelop.swift in Sources */,
				ACF39E992859F2A10055B345 /* DFS와 BFS.swift in Sources */,
				ACF39E842854167E0055B345 /* treasure.swift in Sources */,
				ACB935E52872020300F6EA13 /* truck.swift in Sources */,
				ACB935F32873844C00F6EA13 /* tetris.swift in Sources */,
				ACF39E92285722580055B345 /* wordMath.swift in Sources */,
				ACDCF0B5286B40F50014B67E /* roomNumber.swift in Sources */,
				ACF39E56284C35430055B345 /* HighestLowestLotto.swift in Sources */,
				ACF39E9C285B7B410055B345 /* vowelDictionary.swift in Sources */,
				ACF39E852854167E0055B345 /* sugarDeliver.swift in Sources */,
				ACF39E882854586D0055B345 /* AtoB.swift in Sources */,
				ACB935E92872537B00F6EA13 /* security.swift in Sources */,
				ACF39E9E285CF49C0055B345 /* parkingFee.swift in Sources */,
				ACF39E61284E57180055B345 /* NumberKth.swift in Sources */,
				ACF39E9628598B740055B345 /* hitKeypad.swift in Sources */,
				ACB935E7287236A400F6EA13 /* palindrome.swift in Sources */,
				ACF39EA42861EBFB0055B345 /* network.swift in Sources */,
				ACF39EA0285F38F30055B345 /* socialDistance.swift in Sources */,
				ACF39E8E285568020055B345 /* mockExam.swift in Sources */,
				ACDCF097286A0F190014B67E /* naver.swift in Sources */,
				ACDCF0BA286DE0300014B67E /* NumberVillage.swift in Sources */,
				ACDCF0B7286D7FE20014B67E /* valueInParentheses.swift in Sources */,
				AC5332EA2849FA0C000EAF88 /* main.swift in Sources */,
				ACDCF094286A0E430014B67E /* laboratory.swift in Sources */,
				ACB935F12873841A00F6EA13 /* newCrew.swift in Sources */,
				ACF39EAE2866AC6C0055B345 /* targetNum.swift in Sources */,
			);
			runOnlyForDeploymentPostprocessing = 0;
		};
/* End PBXSourcesBuildPhase section */

/* Begin XCBuildConfiguration section */
		AC5332EB2849FA0C000EAF88 /* Debug */ = {
			isa = XCBuildConfiguration;
			buildSettings = {
				ALWAYS_SEARCH_USER_PATHS = NO;
				CLANG_ANALYZER_NONNULL = YES;
				CLANG_ANALYZER_NUMBER_OBJECT_CONVERSION = YES_AGGRESSIVE;
				CLANG_CXX_LANGUAGE_STANDARD = "gnu++17";
				CLANG_ENABLE_MODULES = YES;
				CLANG_ENABLE_OBJC_ARC = YES;
				CLANG_ENABLE_OBJC_WEAK = YES;
				CLANG_WARN_BLOCK_CAPTURE_AUTORELEASING = YES;
				CLANG_WARN_BOOL_CONVERSION = YES;
				CLANG_WARN_COMMA = YES;
				CLANG_WARN_CONSTANT_CONVERSION = YES;
				CLANG_WARN_DEPRECATED_OBJC_IMPLEMENTATIONS = YES;
				CLANG_WARN_DIRECT_OBJC_ISA_USAGE = YES_ERROR;
				CLANG_WARN_DOCUMENTATION_COMMENTS = YES;
				CLANG_WARN_EMPTY_BODY = YES;
				CLANG_WARN_ENUM_CONVERSION = YES;
				CLANG_WARN_INFINITE_RECURSION = YES;
				CLANG_WARN_INT_CONVERSION = YES;
				CLANG_WARN_NON_LITERAL_NULL_CONVERSION = YES;
				CLANG_WARN_OBJC_IMPLICIT_RETAIN_SELF = YES;
				CLANG_WARN_OBJC_LITERAL_CONVERSION = YES;
				CLANG_WARN_OBJC_ROOT_CLASS = YES_ERROR;
				CLANG_WARN_QUOTED_INCLUDE_IN_FRAMEWORK_HEADER = YES;
				CLANG_WARN_RANGE_LOOP_ANALYSIS = YES;
				CLANG_WARN_STRICT_PROTOTYPES = YES;
				CLANG_WARN_SUSPICIOUS_MOVE = YES;
				CLANG_WARN_UNGUARDED_AVAILABILITY = YES_AGGRESSIVE;
				CLANG_WARN_UNREACHABLE_CODE = YES;
				CLANG_WARN__DUPLICATE_METHOD_MATCH = YES;
				COPY_PHASE_STRIP = NO;
				DEBUG_INFORMATION_FORMAT = dwarf;
				ENABLE_STRICT_OBJC_MSGSEND = YES;
				ENABLE_TESTABILITY = YES;
				GCC_C_LANGUAGE_STANDARD = gnu11;
				GCC_DYNAMIC_NO_PIC = NO;
				GCC_NO_COMMON_BLOCKS = YES;
				GCC_OPTIMIZATION_LEVEL = 0;
				GCC_PREPROCESSOR_DEFINITIONS = (
					"DEBUG=1",
					"$(inherited)",
				);
				GCC_WARN_64_TO_32_BIT_CONVERSION = YES;
				GCC_WARN_ABOUT_RETURN_TYPE = YES_ERROR;
				GCC_WARN_UNDECLARED_SELECTOR = YES;
				GCC_WARN_UNINITIALIZED_AUTOS = YES_AGGRESSIVE;
				GCC_WARN_UNUSED_FUNCTION = YES;
				GCC_WARN_UNUSED_VARIABLE = YES;
				MACOSX_DEPLOYMENT_TARGET = 12.3;
				MTL_ENABLE_DEBUG_INFO = INCLUDE_SOURCE;
				MTL_FAST_MATH = YES;
				ONLY_ACTIVE_ARCH = YES;
				SDKROOT = macosx;
				SWIFT_ACTIVE_COMPILATION_CONDITIONS = DEBUG;
				SWIFT_OPTIMIZATION_LEVEL = "-Onone";
			};
			name = Debug;
		};
		AC5332EC2849FA0C000EAF88 /* Release */ = {
			isa = XCBuildConfiguration;
			buildSettings = {
				ALWAYS_SEARCH_USER_PATHS = NO;
				CLANG_ANALYZER_NONNULL = YES;
				CLANG_ANALYZER_NUMBER_OBJECT_CONVERSION = YES_AGGRESSIVE;
				CLANG_CXX_LANGUAGE_STANDARD = "gnu++17";
				CLANG_ENABLE_MODULES = YES;
				CLANG_ENABLE_OBJC_ARC = YES;
				CLANG_ENABLE_OBJC_WEAK = YES;
				CLANG_WARN_BLOCK_CAPTURE_AUTORELEASING = YES;
				CLANG_WARN_BOOL_CONVERSION = YES;
				CLANG_WARN_COMMA = YES;
				CLANG_WARN_CONSTANT_CONVERSION = YES;
				CLANG_WARN_DEPRECATED_OBJC_IMPLEMENTATIONS = YES;
				CLANG_WARN_DIRECT_OBJC_ISA_USAGE = YES_ERROR;
				CLANG_WARN_DOCUMENTATION_COMMENTS = YES;
				CLANG_WARN_EMPTY_BODY = YES;
				CLANG_WARN_ENUM_CONVERSION = YES;
				CLANG_WARN_INFINITE_RECURSION = YES;
				CLANG_WARN_INT_CONVERSION = YES;
				CLANG_WARN_NON_LITERAL_NULL_CONVERSION = YES;
				CLANG_WARN_OBJC_IMPLICIT_RETAIN_SELF = YES;
				CLANG_WARN_OBJC_LITERAL_CONVERSION = YES;
				CLANG_WARN_OBJC_ROOT_CLASS = YES_ERROR;
				CLANG_WARN_QUOTED_INCLUDE_IN_FRAMEWORK_HEADER = YES;
				CLANG_WARN_RANGE_LOOP_ANALYSIS = YES;
				CLANG_WARN_STRICT_PROTOTYPES = YES;
				CLANG_WARN_SUSPICIOUS_MOVE = YES;
				CLANG_WARN_UNGUARDED_AVAILABILITY = YES_AGGRESSIVE;
				CLANG_WARN_UNREACHABLE_CODE = YES;
				CLANG_WARN__DUPLICATE_METHOD_MATCH = YES;
				COPY_PHASE_STRIP = NO;
				DEBUG_INFORMATION_FORMAT = "dwarf-with-dsym";
				ENABLE_NS_ASSERTIONS = NO;
				ENABLE_STRICT_OBJC_MSGSEND = YES;
				GCC_C_LANGUAGE_STANDARD = gnu11;
				GCC_NO_COMMON_BLOCKS = YES;
				GCC_WARN_64_TO_32_BIT_CONVERSION = YES;
				GCC_WARN_ABOUT_RETURN_TYPE = YES_ERROR;
				GCC_WARN_UNDECLARED_SELECTOR = YES;
				GCC_WARN_UNINITIALIZED_AUTOS = YES_AGGRESSIVE;
				GCC_WARN_UNUSED_FUNCTION = YES;
				GCC_WARN_UNUSED_VARIABLE = YES;
				MACOSX_DEPLOYMENT_TARGET = 12.3;
				MTL_ENABLE_DEBUG_INFO = NO;
				MTL_FAST_MATH = YES;
				SDKROOT = macosx;
				SWIFT_COMPILATION_MODE = wholemodule;
				SWIFT_OPTIMIZATION_LEVEL = "-O";
			};
			name = Release;
		};
		AC5332EE2849FA0C000EAF88 /* Debug */ = {
			isa = XCBuildConfiguration;
			buildSettings = {
				CODE_SIGN_STYLE = Automatic;
				DEVELOPMENT_TEAM = S63496UWBR;
				ENABLE_HARDENED_RUNTIME = YES;
				PRODUCT_NAME = "$(TARGET_NAME)";
				SWIFT_VERSION = 5.0;
			};
			name = Debug;
		};
		AC5332EF2849FA0C000EAF88 /* Release */ = {
			isa = XCBuildConfiguration;
			buildSettings = {
				CODE_SIGN_STYLE = Automatic;
				DEVELOPMENT_TEAM = S63496UWBR;
				ENABLE_HARDENED_RUNTIME = YES;
				PRODUCT_NAME = "$(TARGET_NAME)";
				SWIFT_VERSION = 5.0;
			};
			name = Release;
		};
/* End XCBuildConfiguration section */

/* Begin XCConfigurationList section */
		AC5332E12849FA0C000EAF88 /* Build configuration list for PBXProject "Algorithm" */ = {
			isa = XCConfigurationList;
			buildConfigurations = (
				AC5332EB2849FA0C000EAF88 /* Debug */,
				AC5332EC2849FA0C000EAF88 /* Release */,
			);
			defaultConfigurationIsVisible = 0;
			defaultConfigurationName = Release;
		};
		AC5332ED2849FA0C000EAF88 /* Build configuration list for PBXNativeTarget "Algorithm" */ = {
			isa = XCConfigurationList;
			buildConfigurations = (
				AC5332EE2849FA0C000EAF88 /* Debug */,
				AC5332EF2849FA0C000EAF88 /* Release */,
			);
			defaultConfigurationIsVisible = 0;
			defaultConfigurationName = Release;
		};
/* End XCConfigurationList section */
	};
	rootObject = AC5332DE2849FA0C000EAF88 /* Project object */;
}
